%{
  "bechamel": {:hex, :bechamel, "1.0.0", "9cbcaed5dbf429c09d05d1c8c47cce503246b1f09f9954d765cf46c4f5005415", [:mix], [], "hexpm", "9b4c429ccf5d8045a90207383ace9a654d9b7254aedc74b9c7eee1c6226ceda7"},
  "castore": {:hex, :castore, "1.0.17", "4f9770d2d45fbd91dcf6bd404cf64e7e58fed04fadda0923dc32acca0badffa2", [:mix], [], "hexpm", "12d24b9d80b910dd3953e165636d68f147a31db945d2dcb9365e441f8b5351e5"},
  "elixir_make": {:hex, :elixir_make, "0.9.0", "6484b3cd8c0cee58f09f05ecaf1a140a8c97670671a6a0e7ab4dc326c3109726", [:mix], [], "hexpm", "db23d4fd8b757462ad02f8aa73431a426fe6671c80b200d9710caf3d1dd0ffdb"},
  "ex_bech32": {:hex, :ex_bech32, "0.5.1", "7adbd9969ba06c2f8426d0692bc0a603c44e84c39f7fab46446191fde46b17fb", [:mix], [{:rustler, ">= 0.0.0", [hex: :rustler, repo: "hexpm", optional: true]}, {:rustler_precompiled, "~> 0.6", [hex: :rustler_precompiled, repo: "hexpm", optional: false]}], "hexpm", "ccf16f7030dc6d652fbae8de77c31b5781bdda6492f12c32f604ef8e8e944895"},
  "finch": {:hex, :finch, "0.21.0", "b1c3b2d48af02d0c66d2a9ebfb5622be5c5ecd62937cf79a88a7f98d48a8290c", [:mix], [{:mime, "~> 1.0 or ~> 2.0", [hex: :mime, repo: "hexpm", optional: false]}, {:mint, "~> 1.6.2 or ~> 1.7", [hex: :mint, repo: "hexpm", optional: false]}, {:nimble_options, "~> 0.4 or ~> 1.0", [hex: :nimble_options, repo: "hexpm", optional: false]}, {:nimble_pool, "~> 1.1", [hex: :nimble_pool, repo: "hexpm", optional: false]}, {:telemetry, "~> 0.4 or ~> 1.0", [hex: :telemetry, repo: "hexpm", optional: false]}], "hexpm", "87dc6e169794cb2570f75841a19da99cfde834249568f2a5b121b809588a4377"},
  "hpax": {:hex, :hpax, "1.0.3", "ed67ef51ad4df91e75cc6a1494f851850c0bd98ebc0be6e81b026e765ee535aa", [:mix], [], "hexpm", "8eab6e1cfa8d5918c2ce4ba43588e894af35dbd8e91e6e55c817bca5847df34a"},
  "jason": {:hex, :jason, "1.4.4", "b9226785a9aa77b6857ca22832cffa5d5011a667207eb2a0ad56adb5db443b8a", [:mix], [{:decimal, "~> 1.0 or ~> 2.0", [hex: :decimal, repo: "hexpm", optional: true]}], "hexpm", "c5eb0cab91f094599f94d55bc63409236a8ec69a21a67814529e8d5f6cc90b3b"},
  "lib_secp256k1": {:hex, :lib_secp256k1, "0.7.1", "53cad778b8da3a29e453a7a477517d99fb5f13f615c8050eb2db8fd1dce7a1db", [:make, :mix], [{:elixir_make, "~> 0.9", [hex: :elixir_make, repo: "hexpm", optional: false]}], "hexpm", "78bdd3661a17448aff5aeec5ca74c8ddbc09b01f0ecfa3ba1aba3e8ae47ab2b3"},
  "mime": {:hex, :mime, "2.0.7", "b8d739037be7cd402aee1ba0306edfdef982687ee7e9859bee6198c1e7e2f128", [:mix], [], "hexpm", "6171188e399ee16023ffc5b76ce445eb6d9672e2e241d2df6050f3c771e80ccd"},
  "mint": {:hex, :mint, "1.7.1", "113fdb2b2f3b59e47c7955971854641c61f378549d73e829e1768de90fc1abf1", [:mix], [{:castore, "~> 0.1.0 or ~> 1.0", [hex: :castore, repo: "hexpm", optional: true]}, {:hpax, "~> 0.1.1 or ~> 0.2.0 or ~> 1.0", [hex: :hpax, repo: "hexpm", optional: false]}], "hexpm", "fceba0a4d0f24301ddee3024ae116df1c3f4bb7a563a731f45fdfeb9d39a231b"},
  "mint_web_socket": {:hex, :mint_web_socket, "1.0.5", "60354efeb49b1eccf95dfb75f55b08d692e211970fe735a5eb3188b328be2a90", [:mix], [{:mint, ">= 1.4.1 and < 2.0.0-0", [hex: :mint, repo: "hexpm", optional: false]}], "hexpm", "04b35663448fc758f3356cce4d6ac067ca418bbafe6972a3805df984b5f12e61"},
  "nimble_options": {:hex, :nimble_options, "1.1.1", "e3a492d54d85fc3fd7c5baf411d9d2852922f66e69476317787a7b2bb000a61b", [:mix], [], "hexpm", "821b2470ca9442c4b6984882fe9bb0389371b8ddec4d45a9504f00a66f650b44"},
  "nimble_pool": {:hex, :nimble_pool, "1.1.0", "bf9c29fbdcba3564a8b800d1eeb5a3c58f36e1e11d7b7fb2e084a643f645f06b", [:mix], [], "hexpm", "af2e4e6b34197db81f7aad230c1118eac993acc0dae6bc83bac0126d4ae0813a"},
  "nostr_ex": {:hex, :nostr_ex, "0.2.2", "aecb29c5cae976d00b6b0ee2bbb91a69fc4956ff3b99cd8de8665cfd817eeb75", [:mix], [{:mint_web_socket, "~> 1.0.3", [hex: :mint_web_socket, repo: "hexpm", optional: false]}, {:nostr_lib, "~> 0.2.0", [hex: :nostr_lib, repo: "hexpm", optional: false]}, {:req, "~> 0.5.0", [hex: :req, repo: "hexpm", optional: false]}], "hexpm", "67d1bd98d736aab164c283a85f3eeb5296614f2df7e29b602240cc8e34f45d23"},
  "nostr_lib": {:hex, :nostr_lib, "0.2.0", "5d4fc70ad8be15cd1c91b8f93c0678ed42c0f33212f0b390685dae4b57748da0", [:mix], [{:bechamel, "~> 1.0", [hex: :bechamel, repo: "hexpm", optional: false]}, {:lib_secp256k1, "~> 0.7", [hex: :lib_secp256k1, repo: "hexpm", optional: false]}, {:req, "~> 0.5", [hex: :req, repo: "hexpm", optional: true]}, {:scrypt, "~> 2.1", [hex: :scrypt, repo: "hexpm", optional: false]}], "hexpm", "aacf61ae45a7554f055189ac1acf081a2862f950299febcac50f782bad07dda4"},
  "req": {:hex, :req, "0.5.17", "0096ddd5b0ed6f576a03dde4b158a0c727215b15d2795e59e0916c6971066ede", [:mix], [{:brotli, "~> 0.3.1", [hex: :brotli, repo: "hexpm", optional: true]}, {:ezstd, "~> 1.0", [hex: :ezstd, repo: "hexpm", optional: true]}, {:finch, "~> 0.17", [hex: :finch, repo: "hexpm", optional: false]}, {:jason, "~> 1.0", [hex: :jason, repo: "hexpm", optional: false]}, {:mime, "~> 2.0.6 or ~> 2.1", [hex: :mime, repo: "hexpm", optional: false]}, {:nimble_csv, "~> 1.0", [hex: :nimble_csv, repo: "hexpm", optional: true]}, {:plug, "~> 1.0", [hex: :plug, repo: "hexpm", optional: true]}], "hexpm", "0b8bc6ffdfebbc07968e59d3ff96d52f2202d0536f10fef4dc11dc02a2a43e39"},
  "rustler_precompiled": {:hex, :rustler_precompiled, "0.8.4", "700a878312acfac79fb6c572bb8b57f5aae05fe1cf70d34b5974850bbf2c05bf", [:mix], [{:castore, "~> 0.1 or ~> 1.0", [hex: :castore, repo: "hexpm", optional: false]}, {:rustler, "~> 0.23", [hex: :rustler, repo: "hexpm", optional: true]}], "hexpm", "3b33d99b540b15f142ba47944f7a163a25069f6d608783c321029bc1ffb09514"},
  "scrypt": {:hex, :scrypt, "2.1.1", "6e3670797251d7858a06b349d04461fd6b21a13121bd2c25be7d8ecb5fad2581", [:rebar3], [], "hexpm", "3889f366bf4373869e13934a31643be8dc82942b8183d7629a9c916c59f4796b"},
  "telemetry": {:hex, :telemetry, "1.3.0", "fedebbae410d715cf8e7062c96a1ef32ec22e764197f70cda73d82778d61e7a2", [:rebar3], [], "hexpm", "7015fc8919dbe63764f4b4b87a95b7c0996bd539e0d499be6ec9d7f3875b79e6"},
}
